PODS:
  - Flutter (1.0.0)
  - integration_test (0.0.1):
    - Flutter
  - platform_identity (0.0.1):
    - Flutter

DEPENDENCIES:
  - Flutter (from `Flutter`)
  - integration_test (from `.symlinks/plugins/integration_test/ios`)
  - platform_identity (from `.symlinks/plugins/platform_identity/ios`)

EXTERNAL SOURCES:
  Flutter:
    :path: Flutter
  integration_test:
    :path: ".symlinks/plugins/integration_test/ios"
  platform_identity:
    :path: ".symlinks/plugins/platform_identity/ios"

SPEC CHECKSUMS:
  Flutter: e0871f40cf51350855a761d2e70bf5af5b9b5de7
  integration_test: 252f60fa39af5e17c3aa9899d35d908a0721b573
  platform_identity: f8abbd7fb5c2ea1252dac4e1badb3a411def1618

PODFILE CHECKSUM: 4305caec6b40dde0ae97be1573c53de1882a07e5

COCOAPODS: 1.16.2
